
Microsoft Visual Studio Solution File, Format Version 12.00
# Visual Studio 2013
Project("{FAE04EC0-301F-11D3-BF4B-00C04F79EFBC}") = "big bang.CSharp.Plugins", "big bang.CSharp.Plugins.csproj", "{BC8D6821-F8A2-BCA0-E71C-C2B96AEA24A8}"
EndProject
Project("{FAE04EC0-301F-11D3-BF4B-00C04F79EFBC}") = "big bang.CSharp", "big bang.CSharp.csproj", "{4D0DD74F-A84F-9BAF-D957-3C0F44485839}"
EndProject
Project("{FAE04EC0-301F-11D3-BF4B-00C04F79EFBC}") = "big bang.CSharp.Editor", "big bang.CSharp.Editor.csproj", "{7CBFC01B-0E9F-E14F-522E-B9421DD926D4}"
EndProject
Global
	GlobalSection(SolutionConfigurationPlatforms) = preSolution
		Debug|Any CPU = Debug|Any CPU
		Release|Any CPU = Release|Any CPU
	EndGlobalSection
	GlobalSection(ProjectConfigurationPlatforms) = postSolution
		{BC8D6821-F8A2-BCA0-E71C-C2B96AEA24A8}.Debug|Any CPU.ActiveCfg = Debug|Any CPU
		{BC8D6821-F8A2-BCA0-E71C-C2B96AEA24A8}.Debug|Any CPU.Build.0 = Debug|Any CPU
		{BC8D6821-F8A2-BCA0-E71C-C2B96AEA24A8}.Release|Any CPU.ActiveCfg = Release|Any CPU
		{BC8D6821-F8A2-BCA0-E71C-C2B96AEA24A8}.Release|Any CPU.Build.0 = Release|Any CPU
		{4D0DD74F-A84F-9BAF-D957-3C0F44485839}.Debug|Any CPU.ActiveCfg = Debug|Any CPU
		{4D0DD74F-A84F-9BAF-D957-3C0F44485839}.Debug|Any CPU.Build.0 = Debug|Any CPU
		{4D0DD74F-A84F-9BAF-D957-3C0F44485839}.Release|Any CPU.ActiveCfg = Release|Any CPU
		{4D0DD74F-A84F-9BAF-D957-3C0F44485839}.Release|Any CPU.Build.0 = Release|Any CPU
		{7CBFC01B-0E9F-E14F-522E-B9421DD926D4}.Debug|Any CPU.ActiveCfg = Debug|Any CPU
		{7CBFC01B-0E9F-E14F-522E-B9421DD926D4}.Debug|Any CPU.Build.0 = Debug|Any CPU
		{7CBFC01B-0E9F-E14F-522E-B9421DD926D4}.Release|Any CPU.ActiveCfg = Release|Any CPU
		{7CBFC01B-0E9F-E14F-522E-B9421DD926D4}.Release|Any CPU.Build.0 = Release|Any CPU
	EndGlobalSection
	GlobalSection(SolutionProperties) = preSolution
		HideSolutionNode = FALSE
	EndGlobalSection
EndGlobal
